
Microsoft Visual Studio Solution File, Format Version 12.00
# Visual Studio 15
VisualStudioVersion = 15.0.28307.572
MinimumVisualStudioVersion = 10.0.40219.1
Project("{FAE04EC0-301F-11D3-BF4B-00C04F79EFBC}") = "KariyerItWinForm", "KariyerItWinForm\KariyerItWinForm.csproj", "{5A42CB7C-7C4B-4EBD-BB31-F5D9FFD34B2D}"
EndProject
Project("{FAE04EC0-301F-11D3-BF4B-00C04F79EFBC}") = "KariyerItData", "KariyerItData\KariyerItData.csproj", "{726CA44B-A440-4474-8799-E4B27D66E95B}"
EndProject
Global
	GlobalSection(SolutionConfigurationPlatforms) = preSolution
		Debug|Any CPU = Debug|Any CPU
		Release|Any CPU = Release|Any CPU
	EndGlobalSection
	GlobalSection(ProjectConfigurationPlatforms) = postSolution
		{5A42CB7C-7C4B-4EBD-BB31-F5D9FFD34B2D}.Debug|Any CPU.ActiveCfg = Debug|Any CPU
		{5A42CB7C-7C4B-4EBD-BB31-F5D9FFD34B2D}.Debug|Any CPU.Build.0 = Debug|Any CPU
		{5A42CB7C-7C4B-4EBD-BB31-F5D9FFD34B2D}.Release|Any CPU.ActiveCfg = Release|Any CPU
		{5A42CB7C-7C4B-4EBD-BB31-F5D9FFD34B2D}.Release|Any CPU.Build.0 = Release|Any CPU
		{726CA44B-A440-4474-8799-E4B27D66E95B}.Debug|Any CPU.ActiveCfg = Debug|Any CPU
		{726CA44B-A440-4474-8799-E4B27D66E95B}.Debug|Any CPU.Build.0 = Debug|Any CPU
		{726CA44B-A440-4474-8799-E4B27D66E95B}.Release|Any CPU.ActiveCfg = Release|Any CPU
		{726CA44B-A440-4474-8799-E4B27D66E95B}.Release|Any CPU.Build.0 = Release|Any CPU
	EndGlobalSection
	GlobalSection(SolutionProperties) = preSolution
		HideSolutionNode = FALSE
	EndGlobalSection
	GlobalSection(ExtensibilityGlobals) = postSolution
		SolutionGuid = {9A9D09A4-D492-4E5B-858B-CF65F80A8B60}
	EndGlobalSection
EndGlobal
